
Microsoft Visual Studio Solution File, Format Version 12.00
# Visual Studio 15
VisualStudioVersion = 15.0.28307.645
MinimumVisualStudioVersion = 10.0.40219.1
Project("{FAE04EC0-301F-11D3-BF4B-00C04F79EFBC}") = "MyShopK6", "MyShopK6\MyShopK6.csproj", "{1B44A42B-5670-479D-A2D1-08298CB28C8B}"
EndProject
Global
	GlobalSection(SolutionConfigurationPlatforms) = preSolution
		Debug|Any CPU = Debug|Any CPU
		Release|Any CPU = Release|Any CPU
	EndGlobalSection
	GlobalSection(ProjectConfigurationPlatforms) = postSolution
		{1B44A42B-5670-479D-A2D1-08298CB28C8B}.Debug|Any CPU.ActiveCfg = Debug|Any CPU
		{1B44A42B-5670-479D-A2D1-08298CB28C8B}.Debug|Any CPU.Build.0 = Debug|Any CPU
		{1B44A42B-5670-479D-A2D1-08298CB28C8B}.Release|Any CPU.ActiveCfg = Release|Any CPU
		{1B44A42B-5670-479D-A2D1-08298CB28C8B}.Release|Any CPU.Build.0 = Release|Any CPU
	EndGlobalSection
	GlobalSection(SolutionProperties) = preSolution
		HideSolutionNode = FALSE
	EndGlobalSection
	GlobalSection(ExtensibilityGlobals) = postSolution
		SolutionGuid = {8A303653-71CC-44A5-8A13-F34CE0685D63}
	EndGlobalSection
EndGlobal
